# This file is automatically @generated by Cargo.
# It is not intended for manual editing.
version = 3

[[package]]
name = "fmtastic"
version = "0.1.0"
source = "registry+https://github.com/rust-lang/crates.io-index"
checksum = "01e0788fd5d05fe28fb0a37654ac8ef55c2a069bb9e4e5ec5361de87f8f3a8dc"

[[package]]
name = "vulgar-fractions"
version = "0.1.0"
dependencies = [
 "fmtastic",
]
